
Microsoft Visual Studio Solution File, Format Version 12.00
# Visual Studio 15
VisualStudioVersion = 15.0.27004.2002
MinimumVisualStudioVersion = 10.0.40219.1
Project("{FAE04EC0-301F-11D3-BF4B-00C04F79EFBC}") = "Aes", "Aes\Aes.csproj", "{2A37B3D5-45C6-4660-9770-6473B03A19B3}"
EndProject
Global
	GlobalSection(SolutionConfigurationPlatforms) = preSolution
		Debug|Any CPU = Debug|Any CPU
		Release|Any CPU = Release|Any CPU
	EndGlobalSection
	GlobalSection(ProjectConfigurationPlatforms) = postSolution
		{2A37B3D5-45C6-4660-9770-6473B03A19B3}.Debug|Any CPU.ActiveCfg = Debug|Any CPU
		{2A37B3D5-45C6-4660-9770-6473B03A19B3}.Debug|Any CPU.Build.0 = Debug|Any CPU
		{2A37B3D5-45C6-4660-9770-6473B03A19B3}.Release|Any CPU.ActiveCfg = Release|Any CPU
		{2A37B3D5-45C6-4660-9770-6473B03A19B3}.Release|Any CPU.Build.0 = Release|Any CPU
	EndGlobalSection
	GlobalSection(SolutionProperties) = preSolution
		HideSolutionNode = FALSE
	EndGlobalSection
	GlobalSection(ExtensibilityGlobals) = postSolution
		SolutionGuid = {4D1A35E7-9942-4D4A-9D2F-824AD5B5EA37}
	EndGlobalSection
EndGlobal
